
Microsoft Visual Studio Solution File, Format Version 12.00
# Visual Studio 15
VisualStudioVersion = 15.0.27703.2042
MinimumVisualStudioVersion = 10.0.40219.1
Project("{9A19103F-16F7-4668-BE54-9A1E7A4F7556}") = "FWS.Generic.Framework", "FWS.Generic.Framework\FWS.Generic.Framework.csproj", "{C3FBF78F-998B-4368-8465-4857820D34A2}"
EndProject
Project("{FAE04EC0-301F-11D3-BF4B-00C04F79EFBC}") = "FWS.Generic.Framework.Testing", "FWS.Generic.Framework.Testing\FWS.Generic.Framework.Testing.csproj", "{A8EA03EC-B159-46C2-BDE0-BF029C45A998}"
EndProject
Project("{FAE04EC0-301F-11D3-BF4B-00C04F79EFBC}") = "FWS.Generic.Email", "FWS.Generic.Email\FWS.Generic.Email.csproj", "{C49816BF-DE94-46A7-A5B4-7DD1233609EA}"
EndProject
Global
	GlobalSection(SolutionConfigurationPlatforms) = preSolution
		Debug|Any CPU = Debug|Any CPU
		Release|Any CPU = Release|Any CPU
	EndGlobalSection
	GlobalSection(ProjectConfigurationPlatforms) = postSolution
		{C3FBF78F-998B-4368-8465-4857820D34A2}.Debug|Any CPU.ActiveCfg = Debug|Any CPU
		{C3FBF78F-998B-4368-8465-4857820D34A2}.Debug|Any CPU.Build.0 = Debug|Any CPU
		{C3FBF78F-998B-4368-8465-4857820D34A2}.Release|Any CPU.ActiveCfg = Release|Any CPU
		{C3FBF78F-998B-4368-8465-4857820D34A2}.Release|Any CPU.Build.0 = Release|Any CPU
		{A8EA03EC-B159-46C2-BDE0-BF029C45A998}.Debug|Any CPU.ActiveCfg = Debug|Any CPU
		{A8EA03EC-B159-46C2-BDE0-BF029C45A998}.Debug|Any CPU.Build.0 = Debug|Any CPU
		{A8EA03EC-B159-46C2-BDE0-BF029C45A998}.Release|Any CPU.ActiveCfg = Release|Any CPU
		{A8EA03EC-B159-46C2-BDE0-BF029C45A998}.Release|Any CPU.Build.0 = Release|Any CPU
		{C49816BF-DE94-46A7-A5B4-7DD1233609EA}.Debug|Any CPU.ActiveCfg = Debug|Any CPU
		{C49816BF-DE94-46A7-A5B4-7DD1233609EA}.Debug|Any CPU.Build.0 = Debug|Any CPU
		{C49816BF-DE94-46A7-A5B4-7DD1233609EA}.Release|Any CPU.ActiveCfg = Release|Any CPU
		{C49816BF-DE94-46A7-A5B4-7DD1233609EA}.Release|Any CPU.Build.0 = Release|Any CPU
	EndGlobalSection
	GlobalSection(SolutionProperties) = preSolution
		HideSolutionNode = FALSE
	EndGlobalSection
	GlobalSection(ExtensibilityGlobals) = postSolution
		SolutionGuid = {6DADB8BE-5EDC-4000-B7AE-5629D48052A2}
	EndGlobalSection
EndGlobal
